// !$*UTF8*$!
{
	archiveVersion = 1;
	classes = {
	};
	objectVersion = 56;
	objects = {

/* Begin PBXBuildFile section */
		90B2D7C92C7845410037F2F1 /* ToDoListApp.swift in Sources */ = {isa = PBXBuildFile; fileRef = 90B2D7C82C7845410037F2F1 /* ToDoListApp.swift */; };
		90B2D7CB2C7845410037F2F1 /* ContentView.swift in Sources */ = {isa = PBXBuildFile; fileRef = 90B2D7CA2C7845410037F2F1 /* ContentView.swift */; };
		90B2D7CD2C7845420037F2F1 /* Assets.xcassets in Resources */ = {isa = PBXBuildFile; fileRef = 90B2D7CC2C7845420037F2F1 /* Assets.xcassets */; };
		90B2D7D02C7845420037F2F1 /* Preview Assets.xcassets in Resources */ = {isa = PBXBuildFile; fileRef = 90B2D7CF2C7845420037F2F1 /* Preview Assets.xcassets */; };
		90B2D7DA2C7845430037F2F1 /* ToDoListTests.swift in Sources */ = {isa = PBXBuildFile; fileRef = 90B2D7D92C7845430037F2F1 /* ToDoListTests.swift */; };
		90B2D7E42C7845430037F2F1 /* ToDoListUITests.swift in Sources */ = {isa = PBXBuildFile; fileRef = 90B2D7E32C7845430037F2F1 /* ToDoListUITests.swift */; };
		90B2D7E62C7845430037F2F1 /* ToDoListUITestsLaunchTests.swift in Sources */ = {isa = PBXBuildFile; fileRef = 90B2D7E52C7845430037F2F1 /* ToDoListUITestsLaunchTests.swift */; };
		90B2D7F32C7848E50037F2F1 /* GoogleService-Info.plist in Resources */ = {isa = PBXBuildFile; fileRef = 90B2D7F22C7848E50037F2F1 /* GoogleService-Info.plist */; };
		90B2D7F42C7848E50037F2F1 /* GoogleService-Info.plist in Resources */ = {isa = PBXBuildFile; fileRef = 90B2D7F22C7848E50037F2F1 /* GoogleService-Info.plist */; };
		90B2D7F52C7848E50037F2F1 /* GoogleService-Info.plist in Resources */ = {isa = PBXBuildFile; fileRef = 90B2D7F22C7848E50037F2F1 /* GoogleService-Info.plist */; };
		90B2D7F82C784A1B0037F2F1 /* FirebaseAuth in Frameworks */ = {isa = PBXBuildFile; productRef = 90B2D7F72C784A1B0037F2F1 /* FirebaseAuth */; };
		90B2D7FA2C784A1B0037F2F1 /* FirebaseFirestore in Frameworks */ = {isa = PBXBuildFile; productRef = 90B2D7F92C784A1B0037F2F1 /* FirebaseFirestore */; };
		90B2D8002C784F020037F2F1 /* LoginView.swift in Sources */ = {isa = PBXBuildFile; fileRef = 90B2D7FF2C784F020037F2F1 /* LoginView.swift */; };
		90B2D8042C7AE4950037F2F1 /* HeaderView.swift in Sources */ = {isa = PBXBuildFile; fileRef = 90B2D8032C7AE4940037F2F1 /* HeaderView.swift */; };
		90B2D8062C7AEA600037F2F1 /* RegisterView.swift in Sources */ = {isa = PBXBuildFile; fileRef = 90B2D8052C7AEA600037F2F1 /* RegisterView.swift */; };
/* End PBXBuildFile section */

/* Begin PBXContainerItemProxy section */
		90B2D7D62C7845430037F2F1 /* PBXContainerItemProxy */ = {
			isa = PBXContainerItemProxy;
			containerPortal = 90B2D7BD2C7845410037F2F1 /* Project object */;
			proxyType = 1;
			remoteGlobalIDString = 90B2D7C42C7845410037F2F1;
			remoteInfo = ToDoList;
		};
		90B2D7E02C7845430037F2F1 /* PBXContainerItemProxy */ = {
			isa = PBXContainerItemProxy;
			containerPortal = 90B2D7BD2C7845410037F2F1 /* Project object */;
			proxyType = 1;
			remoteGlobalIDString = 90B2D7C42C7845410037F2F1;
			remoteInfo = ToDoList;
		};
/* End PBXContainerItemProxy section */

/* Begin PBXFileReference section */
		90B2D7C52C7845410037F2F1 /* ToDoList.app */ = {isa = PBXFileReference; explicitFileType = wrapper.application; includeInIndex = 0; path = ToDoList.app; sourceTree = BUILT_PRODUCTS_DIR; };
		90B2D7C82C7845410037F2F1 /* ToDoListApp.swift */ = {isa = PBXFileReference; lastKnownFileType = sourcecode.swift; path = ToDoListApp.swift; sourceTree = "<group>"; };
		90B2D7CA2C7845410037F2F1 /* ContentView.swift */ = {isa = PBXFileReference; lastKnownFileType = sourcecode.swift; path = ContentView.swift; sourceTree = "<group>"; };
		90B2D7CC2C7845420037F2F1 /* Assets.xcassets */ = {isa = PBXFileReference; lastKnownFileType = folder.assetcatalog; path = Assets.xcassets; sourceTree = "<group>"; };
		90B2D7CF2C7845420037F2F1 /* Preview Assets.xcassets */ = {isa = PBXFileReference; lastKnownFileType = folder.assetcatalog; path = "Preview Assets.xcassets"; sourceTree = "<group>"; };
		90B2D7D52C7845430037F2F1 /* ToDoListTests.xctest */ = {isa = PBXFileReference; explicitFileType = wrapper.cfbundle; includeInIndex = 0; path = ToDoListTests.xctest; sourceTree = BUILT_PRODUCTS_DIR; };
		90B2D7D92C7845430037F2F1 /* ToDoListTests.swift */ = {isa = PBXFileReference; lastKnownFileType = sourcecode.swift; path = ToDoListTests.swift; sourceTree = "<group>"; };
		90B2D7DF2C7845430037F2F1 /* ToDoListUITests.xctest */ = {isa = PBXFileReference; explicitFileType = wrapper.cfbundle; includeInIndex = 0; path = ToDoListUITests.xctest; sourceTree = BUILT_PRODUCTS_DIR; };
		90B2D7E32C7845430037F2F1 /* ToDoListUITests.swift */ = {isa = PBXFileReference; lastKnownFileType = sourcecode.swift; path = ToDoListUITests.swift; sourceTree = "<group>"; };
		90B2D7E52C7845430037F2F1 /* ToDoListUITestsLaunchTests.swift */ = {isa = PBXFileReference; lastKnownFileType = sourcecode.swift; path = ToDoListUITestsLaunchTests.swift; sourceTree = "<group>"; };
		90B2D7F22C7848E50037F2F1 /* GoogleService-Info.plist */ = {isa = PBXFileReference; fileEncoding = 4; lastKnownFileType = text.plist.xml; path = "GoogleService-Info.plist"; sourceTree = "<group>"; };
		90B2D7FF2C784F020037F2F1 /* LoginView.swift */ = {isa = PBXFileReference; lastKnownFileType = sourcecode.swift; path = LoginView.swift; sourceTree = "<group>"; };
		90B2D8032C7AE4940037F2F1 /* HeaderView.swift */ = {isa = PBXFileReference; lastKnownFileType = sourcecode.swift; path = HeaderView.swift; sourceTree = "<group>"; };
		90B2D8052C7AEA600037F2F1 /* RegisterView.swift */ = {isa = PBXFileReference; lastKnownFileType = sourcecode.swift; path = RegisterView.swift; sourceTree = "<group>"; };
/* End PBXFileReference section */

/* Begin PBXFrameworksBuildPhase section */
		90B2D7C22C7845410037F2F1 /* Frameworks */ = {
			isa = PBXFrameworksBuildPhase;
			buildActionMask = 2147483647;
			files = (
				90B2D7F82C784A1B0037F2F1 /* FirebaseAuth in Frameworks */,
				90B2D7FA2C784A1B0037F2F1 /* FirebaseFirestore in Frameworks */,
			);
			runOnlyForDeploymentPostprocessing = 0;
		};
		90B2D7D22C7845430037F2F1 /* Frameworks */ = {
			isa = PBXFrameworksBuildPhase;
			buildActionMask = 2147483647;
			files = (
			);
			runOnlyForDeploymentPostprocessing = 0;
		};
		90B2D7DC2C7845430037F2F1 /* Frameworks */ = {
			isa = PBXFrameworksBuildPhase;
			buildActionMask = 2147483647;
			files = (
			);
			runOnlyForDeploymentPostprocessing = 0;
		};
/* End PBXFrameworksBuildPhase section */

/* Begin PBXGroup section */
		90B2D7BC2C7845410037F2F1 = {
			isa = PBXGroup;
			children = (
				90B2D7C72C7845410037F2F1 /* ToDoList */,
				90B2D7D82C7845430037F2F1 /* ToDoListTests */,
				90B2D7E22C7845430037F2F1 /* ToDoListUITests */,
				90B2D7C62C7845410037F2F1 /* Products */,
			);
			sourceTree = "<group>";
		};
		90B2D7C62C7845410037F2F1 /* Products */ = {
			isa = PBXGroup;
			children = (
				90B2D7C52C7845410037F2F1 /* ToDoList.app */,
				90B2D7D52C7845430037F2F1 /* ToDoListTests.xctest */,
				90B2D7DF2C7845430037F2F1 /* ToDoListUITests.xctest */,
			);
			name = Products;
			sourceTree = "<group>";
		};
		90B2D7C72C7845410037F2F1 /* ToDoList */ = {
			isa = PBXGroup;
			children = (
				90B2D7FE2C784E6E0037F2F1 /* Other */,
				90B2D7FD2C784E5C0037F2F1 /* Models */,
				90B2D7FC2C784E410037F2F1 /* ViewModels */,
				90B2D7FB2C784E2C0037F2F1 /* Views */,
				90B2D7CE2C7845420037F2F1 /* Preview Content */,
			);
			path = ToDoList;
			sourceTree = "<group>";
		};
		90B2D7CE2C7845420037F2F1 /* Preview Content */ = {
			isa = PBXGroup;
			children = (
				90B2D7CF2C7845420037F2F1 /* Preview Assets.xcassets */,
			);
			path = "Preview Content";
			sourceTree = "<group>";
		};
		90B2D7D82C7845430037F2F1 /* ToDoListTests */ = {
			isa = PBXGroup;
			children = (
				90B2D7D92C7845430037F2F1 /* ToDoListTests.swift */,
			);
			path = ToDoListTests;
			sourceTree = "<group>";
		};
		90B2D7E22C7845430037F2F1 /* ToDoListUITests */ = {
			isa = PBXGroup;
			children = (
				90B2D7E32C7845430037F2F1 /* ToDoListUITests.swift */,
				90B2D7E52C7845430037F2F1 /* ToDoListUITestsLaunchTests.swift */,
			);
			path = ToDoListUITests;
			sourceTree = "<group>";
		};
		90B2D7FB2C784E2C0037F2F1 /* Views */ = {
			isa = PBXGroup;
			children = (
				90B2D7CA2C7845410037F2F1 /* ContentView.swift */,
				90B2D7FF2C784F020037F2F1 /* LoginView.swift */,
				90B2D8032C7AE4940037F2F1 /* HeaderView.swift */,
				90B2D8052C7AEA600037F2F1 /* RegisterView.swift */,
			);
			path = Views;
			sourceTree = "<group>";
		};
		90B2D7FC2C784E410037F2F1 /* ViewModels */ = {
			isa = PBXGroup;
			children = (
			);
			path = ViewModels;
			sourceTree = "<group>";
		};
		90B2D7FD2C784E5C0037F2F1 /* Models */ = {
			isa = PBXGroup;
			children = (
			);
			path = Models;
			sourceTree = "<group>";
		};
		90B2D7FE2C784E6E0037F2F1 /* Other */ = {
			isa = PBXGroup;
			children = (
				90B2D7C82C7845410037F2F1 /* ToDoListApp.swift */,
				90B2D7CC2C7845420037F2F1 /* Assets.xcassets */,
				90B2D7F22C7848E50037F2F1 /* GoogleService-Info.plist */,
			);
			path = Other;
			sourceTree = "<group>";
		};
/* End PBXGroup section */

/* Begin PBXNativeTarget section */
		90B2D7C42C7845410037F2F1 /* ToDoList */ = {
			isa = PBXNativeTarget;
			buildConfigurationList = 90B2D7E92C7845430037F2F1 /* Build configuration list for PBXNativeTarget "ToDoList" */;
			buildPhases = (
				90B2D7C12C7845410037F2F1 /* Sources */,
				90B2D7C22C7845410037F2F1 /* Frameworks */,
				90B2D7C32C7845410037F2F1 /* Resources */,
			);
			buildRules = (
			);
			dependencies = (
			);
			name = ToDoList;
			packageProductDependencies = (
				90B2D7F72C784A1B0037F2F1 /* FirebaseAuth */,
				90B2D7F92C784A1B0037F2F1 /* FirebaseFirestore */,
			);
			productName = ToDoList;
			productReference = 90B2D7C52C7845410037F2F1 /* ToDoList.app */;
			productType = "com.apple.product-type.application";
		};
		90B2D7D42C7845430037F2F1 /* ToDoListTests */ = {
			isa = PBXNativeTarget;
			buildConfigurationList = 90B2D7EC2C7845430037F2F1 /* Build configuration list for PBXNativeTarget "ToDoListTests" */;
			buildPhases = (
				90B2D7D12C7845430037F2F1 /* Sources */,
				90B2D7D22C7845430037F2F1 /* Frameworks */,
				90B2D7D32C7845430037F2F1 /* Resources */,
			);
			buildRules = (
			);
			dependencies = (
				90B2D7D72C7845430037F2F1 /* PBXTargetDependency */,
			);
			name = ToDoListTests;
			productName = ToDoListTests;
			productReference = 90B2D7D52C7845430037F2F1 /* ToDoListTests.xctest */;
			productType = "com.apple.product-type.bundle.unit-test";
		};
		90B2D7DE2C7845430037F2F1 /* ToDoListUITests */ = {
			isa = PBXNativeTarget;
			buildConfigurationList = 90B2D7EF2C7845430037F2F1 /* Build configuration list for PBXNativeTarget "ToDoListUITests" */;
			buildPhases = (
				90B2D7DB2C7845430037F2F1 /* Sources */,
				90B2D7DC2C7845430037F2F1 /* Frameworks */,
				90B2D7DD2C7845430037F2F1 /* Resources */,
			);
			buildRules = (
			);
			dependencies = (
				90B2D7E12C7845430037F2F1 /* PBXTargetDependency */,
			);
			name = ToDoListUITests;
			productName = ToDoListUITests;
			productReference = 90B2D7DF2C7845430037F2F1 /* ToDoListUITests.xctest */;
			productType = "com.apple.product-type.bundle.ui-testing";
		};
/* End PBXNativeTarget section */

/* Begin PBXProject section */
		90B2D7BD2C7845410037F2F1 /* Project object */ = {
			isa = PBXProject;
			attributes = {
				BuildIndependentTargetsInParallel = 1;
				LastSwiftUpdateCheck = 1540;
				LastUpgradeCheck = 1540;
				TargetAttributes = {
					90B2D7C42C7845410037F2F1 = {
						CreatedOnToolsVersion = 15.4;
					};
					90B2D7D42C7845430037F2F1 = {
						CreatedOnToolsVersion = 15.4;
						TestTargetID = 90B2D7C42C7845410037F2F1;
					};
					90B2D7DE2C7845430037F2F1 = {
						CreatedOnToolsVersion = 15.4;
						TestTargetID = 90B2D7C42C7845410037F2F1;
					};
				};
			};
			buildConfigurationList = 90B2D7C02C7845410037F2F1 /* Build configuration list for PBXProject "ToDoList" */;
			compatibilityVersion = "Xcode 14.0";
			developmentRegion = en;
			hasScannedForEncodings = 0;
			knownRegions = (
				en,
				Base,
			);
			mainGroup = 90B2D7BC2C7845410037F2F1;
			packageReferences = (
				90B2D7F62C784A1B0037F2F1 /* XCRemoteSwiftPackageReference "firebase-ios-sdk" */,
			);
			productRefGroup = 90B2D7C62C7845410037F2F1 /* Products */;
			projectDirPath = "";
			projectRoot = "";
			targets = (
				90B2D7C42C7845410037F2F1 /* ToDoList */,
				90B2D7D42C7845430037F2F1 /* ToDoListTests */,
				90B2D7DE2C7845430037F2F1 /* ToDoListUITests */,
			);
		};
/* End PBXProject section */

/* Begin PBXResourcesBuildPhase section */
		90B2D7C32C7845410037F2F1 /* Resources */ = {
			isa = PBXResourcesBuildPhase;
			buildActionMask = 2147483647;
			files = (
				90B2D7D02C7845420037F2F1 /* Preview Assets.xcassets in Resources */,
				90B2D7CD2C7845420037F2F1 /* Assets.xcassets in Resources */,
				90B2D7F32C7848E50037F2F1 /* GoogleService-Info.plist in Resources */,
			);
			runOnlyForDeploymentPostprocessing = 0;
		};
		90B2D7D32C7845430037F2F1 /* Resources */ = {
			isa = PBXResourcesBuildPhase;
			buildActionMask = 2147483647;
			files = (
				90B2D7F42C7848E50037F2F1 /* GoogleService-Info.plist in Resources */,
			);
			runOnlyForDeploymentPostprocessing = 0;
		};
		90B2D7DD2C7845430037F2F1 /* Resources */ = {
			isa = PBXResourcesBuildPhase;
			buildActionMask = 2147483647;
			files = (
				90B2D7F52C7848E50037F2F1 /* GoogleService-Info.plist in Resources */,
			);
			runOnlyForDeploymentPostprocessing = 0;
		};
/* End PBXResourcesBuildPhase section */

/* Begin PBXSourcesBuildPhase section */
		90B2D7C12C7845410037F2F1 /* Sources */ = {
			isa = PBXSourcesBuildPhase;
			buildActionMask = 2147483647;
			files = (
				90B2D8002C784F020037F2F1 /* LoginView.swift in Sources */,
				90B2D8062C7AEA600037F2F1 /* RegisterView.swift in Sources */,
				90B2D7CB2C7845410037F2F1 /* ContentView.swift in Sources */,
				90B2D7C92C7845410037F2F1 /* ToDoListApp.swift in Sources */,
				90B2D8042C7AE4950037F2F1 /* HeaderView.swift in Sources */,
			);
			runOnlyForDeploymentPostprocessing = 0;
		};
		90B2D7D12C7845430037F2F1 /* Sources */ = {
			isa = PBXSourcesBuildPhase;
			buildActionMask = 2147483647;
			files = (
				90B2D7DA2C7845430037F2F1 /* ToDoListTests.swift in Sources */,
			);
			runOnlyForDeploymentPostprocessing = 0;
		};
		90B2D7DB2C7845430037F2F1 /* Sources */ = {
			isa = PBXSourcesBuildPhase;
			buildActionMask = 2147483647;
			files = (
				90B2D7E62C7845430037F2F1 /* ToDoListUITestsLaunchTests.swift in Sources */,
				90B2D7E42C7845430037F2F1 /* ToDoListUITests.swift in Sources */,
			);
			runOnlyForDeploymentPostprocessing = 0;
		};
/* End PBXSourcesBuildPhase section */

/* Begin PBXTargetDependency section */
		90B2D7D72C7845430037F2F1 /* PBXTargetDependency */ = {
			isa = PBXTargetDependency;
			target = 90B2D7C42C7845410037F2F1 /* ToDoList */;
			targetProxy = 90B2D7D62C7845430037F2F1 /* PBXContainerItemProxy */;
		};
		90B2D7E12C7845430037F2F1 /* PBXTargetDependency */ = {
			isa = PBXTargetDependency;
			target = 90B2D7C42C7845410037F2F1 /* ToDoList */;
			targetProxy = 90B2D7E02C7845430037F2F1 /* PBXContainerItemProxy */;
		};
/* End PBXTargetDependency section */

/* Begin XCBuildConfiguration section */
		90B2D7E72C7845430037F2F1 /* Debug */ = {
			isa = XCBuildConfiguration;
			buildSettings = {
				ALWAYS_SEARCH_USER_PATHS = NO;
				ASSETCATALOG_COMPILER_GENERATE_SWIFT_ASSET_SYMBOL_EXTENSIONS = YES;
				CLANG_ANALYZER_NONNULL = YES;
				CLANG_ANALYZER_NUMBER_OBJECT_CONVERSION = YES_AGGRESSIVE;
				CLANG_CXX_LANGUAGE_STANDARD = "gnu++20";
				CLANG_ENABLE_MODULES = YES;
				CLANG_ENABLE_OBJC_ARC = YES;
				CLANG_ENABLE_OBJC_WEAK = YES;
				CLANG_WARN_BLOCK_CAPTURE_AUTORELEASING = YES;
				CLANG_WARN_BOOL_CONVERSION = YES;
				CLANG_WARN_COMMA = YES;
				CLANG_WARN_CONSTANT_CONVERSION = YES;
				CLANG_WARN_DEPRECATED_OBJC_IMPLEMENTATIONS = YES;
				CLANG_WARN_DIRECT_OBJC_ISA_USAGE = YES_ERROR;
				CLANG_WARN_DOCUMENTATION_COMMENTS = YES;
				CLANG_WARN_EMPTY_BODY = YES;
				CLANG_WARN_ENUM_CONVERSION = YES;
				CLANG_WARN_INFINITE_RECURSION = YES;
				CLANG_WARN_INT_CONVERSION = YES;
				CLANG_WARN_NON_LITERAL_NULL_CONVERSION = YES;
				CLANG_WARN_OBJC_IMPLICIT_RETAIN_SELF = YES;
				CLANG_WARN_OBJC_LITERAL_CONVERSION = YES;
				CLANG_WARN_OBJC_ROOT_CLASS = YES_ERROR;
				CLANG_WARN_QUOTED_INCLUDE_IN_FRAMEWORK_HEADER = YES;
				CLANG_WARN_RANGE_LOOP_ANALYSIS = YES;
				CLANG_WARN_STRICT_PROTOTYPES = YES;
				CLANG_WARN_SUSPICIOUS_MOVE = YES;
				CLANG_WARN_UNGUARDED_AVAILABILITY = YES_AGGRESSIVE;
				CLANG_WARN_UNREACHABLE_CODE = YES;
				CLANG_WARN__DUPLICATE_METHOD_MATCH = YES;
				COPY_PHASE_STRIP = NO;
				DEBUG_INFORMATION_FORMAT = dwarf;
				ENABLE_STRICT_OBJC_MSGSEND = YES;
				ENABLE_TESTABILITY = YES;
				ENABLE_USER_SCRIPT_SANDBOXING = YES;
				GCC_C_LANGUAGE_STANDARD = gnu17;
				GCC_DYNAMIC_NO_PIC = NO;
				GCC_NO_COMMON_BLOCKS = YES;
				GCC_OPTIMIZATION_LEVEL = 0;
				GCC_PREPROCESSOR_DEFINITIONS = (
					"DEBUG=1",
					"$(inherited)",
				);
				GCC_WARN_64_TO_32_BIT_CONVERSION = YES;
				GCC_WARN_ABOUT_RETURN_TYPE = YES_ERROR;
				GCC_WARN_UNDECLARED_SELECTOR = YES;
				GCC_WARN_UNINITIALIZED_AUTOS = YES_AGGRESSIVE;
				GCC_WARN_UNUSED_FUNCTION = YES;
				GCC_WARN_UNUSED_VARIABLE = YES;
				IPHONEOS_DEPLOYMENT_TARGET = 17.5;
				LOCALIZATION_PREFERS_STRING_CATALOGS = YES;
				MTL_ENABLE_DEBUG_INFO = INCLUDE_SOURCE;
				MTL_FAST_MATH = YES;
				ONLY_ACTIVE_ARCH = YES;
				SDKROOT = iphoneos;
				SWIFT_ACTIVE_COMPILATION_CONDITIONS = "DEBUG $(inherited)";
				SWIFT_OPTIMIZATION_LEVEL = "-Onone";
			};
			name = Debug;
		};
		90B2D7E82C7845430037F2F1 /* Release */ = {
			isa = XCBuildConfiguration;
			buildSettings = {
				ALWAYS_SEARCH_USER_PATHS = NO;
				ASSETCATALOG_COMPILER_GENERATE_SWIFT_ASSET_SYMBOL_EXTENSIONS = YES;
				CLANG_ANALYZER_NONNULL = YES;
				CLANG_ANALYZER_NUMBER_OBJECT_CONVERSION = YES_AGGRESSIVE;
				CLANG_CXX_LANGUAGE_STANDARD = "gnu++20";
				CLANG_ENABLE_MODULES = YES;
				CLANG_ENABLE_OBJC_ARC = YES;
				CLANG_ENABLE_OBJC_WEAK = YES;
				CLANG_WARN_BLOCK_CAPTURE_AUTORELEASING = YES;
				CLANG_WARN_BOOL_CONVERSION = YES;
				CLANG_WARN_COMMA = YES;
				CLANG_WARN_CONSTANT_CONVERSION = YES;
				CLANG_WARN_DEPRECATED_OBJC_IMPLEMENTATIONS = YES;
				CLANG_WARN_DIRECT_OBJC_ISA_USAGE = YES_ERROR;
				CLANG_WARN_DOCUMENTATION_COMMENTS = YES;
				CLANG_WARN_EMPTY_BODY = YES;
				CLANG_WARN_ENUM_CONVERSION = YES;
				CLANG_WARN_INFINITE_RECURSION = YES;
				CLANG_WARN_INT_CONVERSION = YES;
				CLANG_WARN_NON_LITERAL_NULL_CONVERSION = YES;
				CLANG_WARN_OBJC_IMPLICIT_RETAIN_SELF = YES;
				CLANG_WARN_OBJC_LITERAL_CONVERSION = YES;
				CLANG_WARN_OBJC_ROOT_CLASS = YES_ERROR;
				CLANG_WARN_QUOTED_INCLUDE_IN_FRAMEWORK_HEADER = YES;
				CLANG_WARN_RANGE_LOOP_ANALYSIS = YES;
				CLANG_WARN_STRICT_PROTOTYPES = YES;
				CLANG_WARN_SUSPICIOUS_MOVE = YES;
				CLANG_WARN_UNGUARDED_AVAILABILITY = YES_AGGRESSIVE;
				CLANG_WARN_UNREACHABLE_CODE = YES;
				CLANG_WARN__DUPLICATE_METHOD_MATCH = YES;
				COPY_PHASE_STRIP = NO;
				DEBUG_INFORMATION_FORMAT = "dwarf-with-dsym";
				ENABLE_NS_ASSERTIONS = NO;
				ENABLE_STRICT_OBJC_MSGSEND = YES;
				ENABLE_USER_SCRIPT_SANDBOXING = YES;
				GCC_C_LANGUAGE_STANDARD = gnu17;
				GCC_NO_COMMON_BLOCKS = YES;
				GCC_WARN_64_TO_32_BIT_CONVERSION = YES;
				GCC_WARN_ABOUT_RETURN_TYPE = YES_ERROR;
				GCC_WARN_UNDECLARED_SELECTOR = YES;
				GCC_WARN_UNINITIALIZED_AUTOS = YES_AGGRESSIVE;
				GCC_WARN_UNUSED_FUNCTION = YES;
				GCC_WARN_UNUSED_VARIABLE = YES;
				IPHONEOS_DEPLOYMENT_TARGET = 17.5;
				LOCALIZATION_PREFERS_STRING_CATALOGS = YES;
				MTL_ENABLE_DEBUG_INFO = NO;
				MTL_FAST_MATH = YES;
				SDKROOT = iphoneos;
				SWIFT_COMPILATION_MODE = wholemodule;
				VALIDATE_PRODUCT = YES;
			};
			name = Release;
		};
		90B2D7EA2C7845430037F2F1 /* Debug */ = {
			isa = XCBuildConfiguration;
			buildSettings = {
				ASSETCATALOG_COMPILER_APPICON_NAME = AppIcon;
				ASSETCATALOG_COMPILER_GLOBAL_ACCENT_COLOR_NAME = AccentColor;
				CODE_SIGN_STYLE = Automatic;
				CURRENT_PROJECT_VERSION = 1;
				DEVELOPMENT_ASSET_PATHS = "\"ToDoList/Preview Content\"";
				DEVELOPMENT_TEAM = 829JYV55AY;
				ENABLE_PREVIEWS = YES;
				GENERATE_INFOPLIST_FILE = YES;
				INFOPLIST_KEY_CFBundleDisplayName = "To Do List";
				INFOPLIST_KEY_UIApplicationSceneManifest_Generation = YES;
				INFOPLIST_KEY_UIApplicationSupportsIndirectInputEvents = YES;
				INFOPLIST_KEY_UILaunchScreen_Generation = YES;
				INFOPLIST_KEY_UISupportedInterfaceOrientations_iPad = "UIInterfaceOrientationPortrait UIInterfaceOrientationPortraitUpsideDown UIInterfaceOrientationLandscapeLeft UIInterfaceOrientationLandscapeRight";
				INFOPLIST_KEY_UISupportedInterfaceOrientations_iPhone = "UIInterfaceOrientationPortrait UIInterfaceOrientationLandscapeLeft UIInterfaceOrientationLandscapeRight";
				IPHONEOS_DEPLOYMENT_TARGET = 16.0;
				LD_RUNPATH_SEARCH_PATHS = (
					"$(inherited)",
					"@executable_path/Frameworks",
				);
				MARKETING_VERSION = 1.0;
				PRODUCT_BUNDLE_IDENTIFIER = com.paloliyil.sreeni.ToDoList;
				PRODUCT_NAME = "$(TARGET_NAME)";
				SWIFT_EMIT_LOC_STRINGS = YES;
				SWIFT_VERSION = 5.0;
				TARGETED_DEVICE_FAMILY = "1,2";
			};
			name = Debug;
		};
		90B2D7EB2C7845430037F2F1 /* Release */ = {
			isa = XCBuildConfiguration;
			buildSettings = {
				ASSETCATALOG_COMPILER_APPICON_NAME = AppIcon;
				ASSETCATALOG_COMPILER_GLOBAL_ACCENT_COLOR_NAME = AccentColor;
				CODE_SIGN_STYLE = Automatic;
				CURRENT_PROJECT_VERSION = 1;
				DEVELOPMENT_ASSET_PATHS = "\"ToDoList/Preview Content\"";
				DEVELOPMENT_TEAM = 829JYV55AY;
				ENABLE_PREVIEWS = YES;
				GENERATE_INFOPLIST_FILE = YES;
				INFOPLIST_KEY_CFBundleDisplayName = "To Do List";
				INFOPLIST_KEY_UIApplicationSceneManifest_Generation = YES;
				INFOPLIST_KEY_UIApplicationSupportsIndirectInputEvents = YES;
				INFOPLIST_KEY_UILaunchScreen_Generation = YES;
				INFOPLIST_KEY_UISupportedInterfaceOrientations_iPad = "UIInterfaceOrientationPortrait UIInterfaceOrientationPortraitUpsideDown UIInterfaceOrientationLandscapeLeft UIInterfaceOrientationLandscapeRight";
				INFOPLIST_KEY_UISupportedInterfaceOrientations_iPhone = "UIInterfaceOrientationPortrait UIInterfaceOrientationLandscapeLeft UIInterfaceOrientationLandscapeRight";
				IPHONEOS_DEPLOYMENT_TARGET = 16.0;
				LD_RUNPATH_SEARCH_PATHS = (
					"$(inherited)",
					"@executable_path/Frameworks",
				);
				MARKETING_VERSION = 1.0;
				PRODUCT_BUNDLE_IDENTIFIER = com.paloliyil.sreeni.ToDoList;
				PRODUCT_NAME = "$(TARGET_NAME)";
				SWIFT_EMIT_LOC_STRINGS = YES;
				SWIFT_VERSION = 5.0;
				TARGETED_DEVICE_FAMILY = "1,2";
			};
			name = Release;
		};
		90B2D7ED2C7845430037F2F1 /* Debug */ = {
			isa = XCBuildConfiguration;
			buildSettings = {
				ALWAYS_EMBED_SWIFT_STANDARD_LIBRARIES = YES;
				BUNDLE_LOADER = "$(TEST_HOST)";
				CODE_SIGN_STYLE = Automatic;
				CURRENT_PROJECT_VERSION = 1;
				DEVELOPMENT_TEAM = 829JYV55AY;
				GENERATE_INFOPLIST_FILE = YES;
				IPHONEOS_DEPLOYMENT_TARGET = 17.5;
				MARKETING_VERSION = 1.0;
				PRODUCT_BUNDLE_IDENTIFIER = com.paloliyil.sreeni.ToDoListTests;
				PRODUCT_NAME = "$(TARGET_NAME)";
				SWIFT_EMIT_LOC_STRINGS = NO;
				SWIFT_VERSION = 5.0;
				TARGETED_DEVICE_FAMILY = "1,2";
				TEST_HOST = "$(BUILT_PRODUCTS_DIR)/ToDoList.app/$(BUNDLE_EXECUTABLE_FOLDER_PATH)/ToDoList";
			};
			name = Debug;
		};
		90B2D7EE2C7845430037F2F1 /* Release */ = {
			isa = XCBuildConfiguration;
			buildSettings = {
				ALWAYS_EMBED_SWIFT_STANDARD_LIBRARIES = YES;
				BUNDLE_LOADER = "$(TEST_HOST)";
				CODE_SIGN_STYLE = Automatic;
				CURRENT_PROJECT_VERSION = 1;
				DEVELOPMENT_TEAM = 829JYV55AY;
				GENERATE_INFOPLIST_FILE = YES;
				IPHONEOS_DEPLOYMENT_TARGET = 17.5;
				MARKETING_VERSION = 1.0;
				PRODUCT_BUNDLE_IDENTIFIER = com.paloliyil.sreeni.ToDoListTests;
				PRODUCT_NAME = "$(TARGET_NAME)";
				SWIFT_EMIT_LOC_STRINGS = NO;
				SWIFT_VERSION = 5.0;
				TARGETED_DEVICE_FAMILY = "1,2";
				TEST_HOST = "$(BUILT_PRODUCTS_DIR)/ToDoList.app/$(BUNDLE_EXECUTABLE_FOLDER_PATH)/ToDoList";
			};
			name = Release;
		};
		90B2D7F02C7845430037F2F1 /* Debug */ = {
			isa = XCBuildConfiguration;
			buildSettings = {
				ALWAYS_EMBED_SWIFT_STANDARD_LIBRARIES = YES;
				CODE_SIGN_STYLE = Automatic;
				CURRENT_PROJECT_VERSION = 1;
				DEVELOPMENT_TEAM = 829JYV55AY;
				GENERATE_INFOPLIST_FILE = YES;
				MARKETING_VERSION = 1.0;
				PRODUCT_BUNDLE_IDENTIFIER = com.paloliyil.sreeni.ToDoListUITests;
				PRODUCT_NAME = "$(TARGET_NAME)";
				SWIFT_EMIT_LOC_STRINGS = NO;
				SWIFT_VERSION = 5.0;
				TARGETED_DEVICE_FAMILY = "1,2";
				TEST_TARGET_NAME = ToDoList;
			};
			name = Debug;
		};
		90B2D7F12C7845430037F2F1 /* Release */ = {
			isa = XCBuildConfiguration;
			buildSettings = {
				ALWAYS_EMBED_SWIFT_STANDARD_LIBRARIES = YES;
				CODE_SIGN_STYLE = Automatic;
				CURRENT_PROJECT_VERSION = 1;
				DEVELOPMENT_TEAM = 829JYV55AY;
				GENERATE_INFOPLIST_FILE = YES;
				MARKETING_VERSION = 1.0;
				PRODUCT_BUNDLE_IDENTIFIER = com.paloliyil.sreeni.ToDoListUITests;
				PRODUCT_NAME = "$(TARGET_NAME)";
				SWIFT_EMIT_LOC_STRINGS = NO;
				SWIFT_VERSION = 5.0;
				TARGETED_DEVICE_FAMILY = "1,2";
				TEST_TARGET_NAME = ToDoList;
			};
			name = Release;
		};
/* End XCBuildConfiguration section */

/* Begin XCConfigurationList section */
		90B2D7C02C7845410037F2F1 /* Build configuration list for PBXProject "ToDoList" */ = {
			isa = XCConfigurationList;
			buildConfigurations = (
				90B2D7E72C7845430037F2F1 /* Debug */,
				90B2D7E82C7845430037F2F1 /* Release */,
			);
			defaultConfigurationIsVisible = 0;
			defaultConfigurationName = Release;
		};
		90B2D7E92C7845430037F2F1 /* Build configuration list for PBXNativeTarget "ToDoList" */ = {
			isa = XCConfigurationList;
			buildConfigurations = (
				90B2D7EA2C7845430037F2F1 /* Debug */,
				90B2D7EB2C7845430037F2F1 /* Release */,
			);
			defaultConfigurationIsVisible = 0;
			defaultConfigurationName = Release;
		};
		90B2D7EC2C7845430037F2F1 /* Build configuration list for PBXNativeTarget "ToDoListTests" */ = {
			isa = XCConfigurationList;
			buildConfigurations = (
				90B2D7ED2C7845430037F2F1 /* Debug */,
				90B2D7EE2C7845430037F2F1 /* Release */,
			);
			defaultConfigurationIsVisible = 0;
			defaultConfigurationName = Release;
		};
		90B2D7EF2C7845430037F2F1 /* Build configuration list for PBXNativeTarget "ToDoListUITests" */ = {
			isa = XCConfigurationList;
			buildConfigurations = (
				90B2D7F02C7845430037F2F1 /* Debug */,
				90B2D7F12C7845430037F2F1 /* Release */,
			);
			defaultConfigurationIsVisible = 0;
			defaultConfigurationName = Release;
		};
/* End XCConfigurationList section */

/* Begin XCRemoteSwiftPackageReference section */
		90B2D7F62C784A1B0037F2F1 /* XCRemoteSwiftPackageReference "firebase-ios-sdk" */ = {
			isa = XCRemoteSwiftPackageReference;
			repositoryURL = "https://github.com/firebase/firebase-ios-sdk";
			requirement = {
				kind = upToNextMajorVersion;
				minimumVersion = 11.1.0;
			};
		};
/* End XCRemoteSwiftPackageReference section */

/* Begin XCSwiftPackageProductDependency section */
		90B2D7F72C784A1B0037F2F1 /* FirebaseAuth */ = {
			isa = XCSwiftPackageProductDependency;
			package = 90B2D7F62C784A1B0037F2F1 /* XCRemoteSwiftPackageReference "firebase-ios-sdk" */;
			productName = FirebaseAuth;
		};
		90B2D7F92C784A1B0037F2F1 /* FirebaseFirestore */ = {
			isa = XCSwiftPackageProductDependency;
			package = 90B2D7F62C784A1B0037F2F1 /* XCRemoteSwiftPackageReference "firebase-ios-sdk" */;
			productName = FirebaseFirestore;
		};
/* End XCSwiftPackageProductDependency section */
	};
	rootObject = 90B2D7BD2C7845410037F2F1 /* Project object */;
}
